
Microsoft Visual Studio Solution File, Format Version 12.00
# Visual Studio Version 17
VisualStudioVersion = 17.5.002.0
MinimumVisualStudioVersion = 10.0.40219.1
Project("{2150E333-8FDC-42A3-9474-1A3956D46DE8}") = "csharp-prep", "csharp-prep", "{61BC2D13-4021-4B4E-8AA5-9F27A2E31AF8}"
EndProject
Project("{9A19103F-16F7-4668-BE54-9A1E7A4F7556}") = "Prep1", "csharp-prep\Prep1\Prep1.csproj", "{FC514540-406D-43B4-A761-15F7DAC67530}"
EndProject
Project("{9A19103F-16F7-4668-BE54-9A1E7A4F7556}") = "Prep2", "csharp-prep\Prep2\Prep2.csproj", "{1A98727F-DEEA-4C69-BC3D-DF7E4ABAACC9}"
EndProject
Project("{9A19103F-16F7-4668-BE54-9A1E7A4F7556}") = "Prep3", "csharp-prep\Prep3\Prep3.csproj", "{831B4AFA-CB5E-4B92-9E54-E1465FFEEC4F}"
EndProject
Project("{9A19103F-16F7-4668-BE54-9A1E7A4F7556}") = "Prep4", "csharp-prep\Prep4\Prep4.csproj", "{70C85DA4-050D-4DA9-8397-63281B97ED45}"
EndProject
Project("{9A19103F-16F7-4668-BE54-9A1E7A4F7556}") = "Prep5", "csharp-prep\Prep5\Prep5.csproj", "{C26955CE-9933-4DC7-8478-8AEBBA132255}"
EndProject
Project("{2150E333-8FDC-42A3-9474-1A3956D46DE8}") = "final", "final", "{6CB92C18-7677-4B02-8556-3018DB301441}"
EndProject
Project("{9A19103F-16F7-4668-BE54-9A1E7A4F7556}") = "FinalProject", "final\FinalProject\FinalProject.csproj", "{8AB44BDC-ECD6-4DF7-8F4A-F30E023A678A}"
EndProject
Project("{9A19103F-16F7-4668-BE54-9A1E7A4F7556}") = "Foundation1", "final\Foundation1\Foundation1.csproj", "{1E56E990-38A9-4CE4-84AE-446BCA5B3442}"
EndProject
Project("{9A19103F-16F7-4668-BE54-9A1E7A4F7556}") = "Foundation2", "final\Foundation2\Foundation2.csproj", "{8E42CCC2-0B28-439C-B14D-F6F67537B56D}"
EndProject
Project("{9A19103F-16F7-4668-BE54-9A1E7A4F7556}") = "Foundation3", "final\Foundation3\Foundation3.csproj", "{B3E1E84F-6A69-4DAF-8611-0085FAA65ECD}"
EndProject
Project("{9A19103F-16F7-4668-BE54-9A1E7A4F7556}") = "Foundation4", "final\Foundation4\Foundation4.csproj", "{A5073748-E289-4E8C-8178-7DA947FA28EE}"
EndProject
Project("{2150E333-8FDC-42A3-9474-1A3956D46DE8}") = "prepare", "prepare", "{92B2DC77-9F3E-4792-9070-25DDC270F6C4}"
EndProject
Project("{9A19103F-16F7-4668-BE54-9A1E7A4F7556}") = "Learning02", "prepare\Learning02\Learning02.csproj", "{D24D154C-0093-41D2-8750-2093074BF9E2}"
EndProject
Project("{9A19103F-16F7-4668-BE54-9A1E7A4F7556}") = "Learning03", "prepare\Learning03\Learning03.csproj", "{14713423-1687-4B3B-9AF0-5AF14615205E}"
EndProject
Project("{9A19103F-16F7-4668-BE54-9A1E7A4F7556}") = "Learning04", "prepare\Learning04\Learning04.csproj", "{A75AA760-2068-4E12-B9F2-A71BE25F18D2}"
EndProject
Project("{9A19103F-16F7-4668-BE54-9A1E7A4F7556}") = "Learning05", "prepare\Learning05\Learning05.csproj", "{BF21EE7F-A7EC-416E-AA61-6E11CCE81776}"
EndProject
Project("{2150E333-8FDC-42A3-9474-1A3956D46DE8}") = "prove", "prove", "{A0128D32-DD10-4FEA-BBE4-60116A5F74D5}"
EndProject
Project("{9A19103F-16F7-4668-BE54-9A1E7A4F7556}") = "Develop02", "prove\Develop02\Develop02.csproj", "{3F49821B-A024-4297-9DBF-A387AE92ECCA}"
EndProject
Project("{9A19103F-16F7-4668-BE54-9A1E7A4F7556}") = "Develop03", "prove\Develop03\Develop03.csproj", "{61235168-0EC5-4781-9829-D514BA9D6D6D}"
EndProject
Project("{9A19103F-16F7-4668-BE54-9A1E7A4F7556}") = "Develop04", "prove\Develop04\Develop04.csproj", "{F2B1E0F3-0A8C-4BDB-9F4F-21363D4B49FA}"
EndProject
Project("{9A19103F-16F7-4668-BE54-9A1E7A4F7556}") = "Develop05", "prove\Develop05\Develop05.csproj", "{E7617F67-1923-43EA-9439-55044B0B7B9E}"
EndProject
Project("{2150E333-8FDC-42A3-9474-1A3956D46DE8}") = "sandbox", "sandbox", "{C58A57AE-2BA3-4783-915F-C64F10A7C9F0}"
EndProject
Project("{9A19103F-16F7-4668-BE54-9A1E7A4F7556}") = "Sandbox", "sandbox\Sandbox\Sandbox.csproj", "{AD0155EF-675D-4B5E-A9BE-F7A2CABB2820}"
EndProject
Global
	GlobalSection(SolutionConfigurationPlatforms) = preSolution
		Debug|Any CPU = Debug|Any CPU
		Release|Any CPU = Release|Any CPU
	EndGlobalSection
	GlobalSection(ProjectConfigurationPlatforms) = postSolution
		{FC514540-406D-43B4-A761-15F7DAC67530}.Debug|Any CPU.ActiveCfg = Debug|Any CPU
		{FC514540-406D-43B4-A761-15F7DAC67530}.Debug|Any CPU.Build.0 = Debug|Any CPU
		{FC514540-406D-43B4-A761-15F7DAC67530}.Release|Any CPU.ActiveCfg = Release|Any CPU
		{FC514540-406D-43B4-A761-15F7DAC67530}.Release|Any CPU.Build.0 = Release|Any CPU
		{1A98727F-DEEA-4C69-BC3D-DF7E4ABAACC9}.Debug|Any CPU.ActiveCfg = Debug|Any CPU
		{1A98727F-DEEA-4C69-BC3D-DF7E4ABAACC9}.Debug|Any CPU.Build.0 = Debug|Any CPU
		{1A98727F-DEEA-4C69-BC3D-DF7E4ABAACC9}.Release|Any CPU.ActiveCfg = Release|Any CPU
		{1A98727F-DEEA-4C69-BC3D-DF7E4ABAACC9}.Release|Any CPU.Build.0 = Release|Any CPU
		{831B4AFA-CB5E-4B92-9E54-E1465FFEEC4F}.Debug|Any CPU.ActiveCfg = Debug|Any CPU
		{831B4AFA-CB5E-4B92-9E54-E1465FFEEC4F}.Debug|Any CPU.Build.0 = Debug|Any CPU
		{831B4AFA-CB5E-4B92-9E54-E1465FFEEC4F}.Release|Any CPU.ActiveCfg = Release|Any CPU
		{831B4AFA-CB5E-4B92-9E54-E1465FFEEC4F}.Release|Any CPU.Build.0 = Release|Any CPU
		{70C85DA4-050D-4DA9-8397-63281B97ED45}.Debug|Any CPU.ActiveCfg = Debug|Any CPU
		{70C85DA4-050D-4DA9-8397-63281B97ED45}.Debug|Any CPU.Build.0 = Debug|Any CPU
		{70C85DA4-050D-4DA9-8397-63281B97ED45}.Release|Any CPU.ActiveCfg = Release|Any CPU
		{70C85DA4-050D-4DA9-8397-63281B97ED45}.Release|Any CPU.Build.0 = Release|Any CPU
		{C26955CE-9933-4DC7-8478-8AEBBA132255}.Debug|Any CPU.ActiveCfg = Debug|Any CPU
		{C26955CE-9933-4DC7-8478-8AEBBA132255}.Debug|Any CPU.Build.0 = Debug|Any CPU
		{C26955CE-9933-4DC7-8478-8AEBBA132255}.Release|Any CPU.ActiveCfg = Release|Any CPU
		{C26955CE-9933-4DC7-8478-8AEBBA132255}.Release|Any CPU.Build.0 = Release|Any CPU
		{8AB44BDC-ECD6-4DF7-8F4A-F30E023A678A}.Debug|Any CPU.ActiveCfg = Debug|Any CPU
		{8AB44BDC-ECD6-4DF7-8F4A-F30E023A678A}.Debug|Any CPU.Build.0 = Debug|Any CPU
		{8AB44BDC-ECD6-4DF7-8F4A-F30E023A678A}.Release|Any CPU.ActiveCfg = Release|Any CPU
		{8AB44BDC-ECD6-4DF7-8F4A-F30E023A678A}.Release|Any CPU.Build.0 = Release|Any CPU
		{1E56E990-38A9-4CE4-84AE-446BCA5B3442}.Debug|Any CPU.ActiveCfg = Debug|Any CPU
		{1E56E990-38A9-4CE4-84AE-446BCA5B3442}.Debug|Any CPU.Build.0 = Debug|Any CPU
		{1E56E990-38A9-4CE4-84AE-446BCA5B3442}.Release|Any CPU.ActiveCfg = Release|Any CPU
		{1E56E990-38A9-4CE4-84AE-446BCA5B3442}.Release|Any CPU.Build.0 = Release|Any CPU
		{8E42CCC2-0B28-439C-B14D-F6F67537B56D}.Debug|Any CPU.ActiveCfg = Debug|Any CPU
		{8E42CCC2-0B28-439C-B14D-F6F67537B56D}.Debug|Any CPU.Build.0 = Debug|Any CPU
		{8E42CCC2-0B28-439C-B14D-F6F67537B56D}.Release|Any CPU.ActiveCfg = Release|Any CPU
		{8E42CCC2-0B28-439C-B14D-F6F67537B56D}.Release|Any CPU.Build.0 = Release|Any CPU
		{B3E1E84F-6A69-4DAF-8611-0085FAA65ECD}.Debug|Any CPU.ActiveCfg = Debug|Any CPU
		{B3E1E84F-6A69-4DAF-8611-0085FAA65ECD}.Debug|Any CPU.Build.0 = Debug|Any CPU
		{B3E1E84F-6A69-4DAF-8611-0085FAA65ECD}.Release|Any CPU.ActiveCfg = Release|Any CPU
		{B3E1E84F-6A69-4DAF-8611-0085FAA65ECD}.Release|Any CPU.Build.0 = Release|Any CPU
		{A5073748-E289-4E8C-8178-7DA947FA28EE}.Debug|Any CPU.ActiveCfg = Debug|Any CPU
		{A5073748-E289-4E8C-8178-7DA947FA28EE}.Debug|Any CPU.Build.0 = Debug|Any CPU
		{A5073748-E289-4E8C-8178-7DA947FA28EE}.Release|Any CPU.ActiveCfg = Release|Any CPU
		{A5073748-E289-4E8C-8178-7DA947FA28EE}.Release|Any CPU.Build.0 = Release|Any CPU
		{D24D154C-0093-41D2-8750-2093074BF9E2}.Debug|Any CPU.ActiveCfg = Debug|Any CPU
		{D24D154C-0093-41D2-8750-2093074BF9E2}.Debug|Any CPU.Build.0 = Debug|Any CPU
		{D24D154C-0093-41D2-8750-2093074BF9E2}.Release|Any CPU.ActiveCfg = Release|Any CPU
		{D24D154C-0093-41D2-8750-2093074BF9E2}.Release|Any CPU.Build.0 = Release|Any CPU
		{14713423-1687-4B3B-9AF0-5AF14615205E}.Debug|Any CPU.ActiveCfg = Debug|Any CPU
		{14713423-1687-4B3B-9AF0-5AF14615205E}.Debug|Any CPU.Build.0 = Debug|Any CPU
		{14713423-1687-4B3B-9AF0-5AF14615205E}.Release|Any CPU.ActiveCfg = Release|Any CPU
		{14713423-1687-4B3B-9AF0-5AF14615205E}.Release|Any CPU.Build.0 = Release|Any CPU
		{A75AA760-2068-4E12-B9F2-A71BE25F18D2}.Debug|Any CPU.ActiveCfg = Debug|Any CPU
		{A75AA760-2068-4E12-B9F2-A71BE25F18D2}.Debug|Any CPU.Build.0 = Debug|Any CPU
		{A75AA760-2068-4E12-B9F2-A71BE25F18D2}.Release|Any CPU.ActiveCfg = Release|Any CPU
		{A75AA760-2068-4E12-B9F2-A71BE25F18D2}.Release|Any CPU.Build.0 = Release|Any CPU
		{BF21EE7F-A7EC-416E-AA61-6E11CCE81776}.Debug|Any CPU.ActiveCfg = Debug|Any CPU
		{BF21EE7F-A7EC-416E-AA61-6E11CCE81776}.Debug|Any CPU.Build.0 = Debug|Any CPU
		{BF21EE7F-A7EC-416E-AA61-6E11CCE81776}.Release|Any CPU.ActiveCfg = Release|Any CPU
		{BF21EE7F-A7EC-416E-AA61-6E11CCE81776}.Release|Any CPU.Build.0 = Release|Any CPU
		{3F49821B-A024-4297-9DBF-A387AE92ECCA}.Debug|Any CPU.ActiveCfg = Debug|Any CPU
		{3F49821B-A024-4297-9DBF-A387AE92ECCA}.Debug|Any CPU.Build.0 = Debug|Any CPU
		{3F49821B-A024-4297-9DBF-A387AE92ECCA}.Release|Any CPU.ActiveCfg = Release|Any CPU
		{3F49821B-A024-4297-9DBF-A387AE92ECCA}.Release|Any CPU.Build.0 = Release|Any CPU
		{61235168-0EC5-4781-9829-D514BA9D6D6D}.Debug|Any CPU.ActiveCfg = Debug|Any CPU
		{61235168-0EC5-4781-9829-D514BA9D6D6D}.Debug|Any CPU.Build.0 = Debug|Any CPU
		{61235168-0EC5-4781-9829-D514BA9D6D6D}.Release|Any CPU.ActiveCfg = Release|Any CPU
		{61235168-0EC5-4781-9829-D514BA9D6D6D}.Release|Any CPU.Build.0 = Release|Any CPU
		{F2B1E0F3-0A8C-4BDB-9F4F-21363D4B49FA}.Debug|Any CPU.ActiveCfg = Debug|Any CPU
		{F2B1E0F3-0A8C-4BDB-9F4F-21363D4B49FA}.Debug|Any CPU.Build.0 = Debug|Any CPU
		{F2B1E0F3-0A8C-4BDB-9F4F-21363D4B49FA}.Release|Any CPU.ActiveCfg = Release|Any CPU
		{F2B1E0F3-0A8C-4BDB-9F4F-21363D4B49FA}.Release|Any CPU.Build.0 = Release|Any CPU
		{E7617F67-1923-43EA-9439-55044B0B7B9E}.Debug|Any CPU.ActiveCfg = Debug|Any CPU
		{E7617F67-1923-43EA-9439-55044B0B7B9E}.Debug|Any CPU.Build.0 = Debug|Any CPU
		{E7617F67-1923-43EA-9439-55044B0B7B9E}.Release|Any CPU.ActiveCfg = Release|Any CPU
		{E7617F67-1923-43EA-9439-55044B0B7B9E}.Release|Any CPU.Build.0 = Release|Any CPU
		{AD0155EF-675D-4B5E-A9BE-F7A2CABB2820}.Debug|Any CPU.ActiveCfg = Debug|Any CPU
		{AD0155EF-675D-4B5E-A9BE-F7A2CABB2820}.Debug|Any CPU.Build.0 = Debug|Any CPU
		{AD0155EF-675D-4B5E-A9BE-F7A2CABB2820}.Release|Any CPU.ActiveCfg = Release|Any CPU
		{AD0155EF-675D-4B5E-A9BE-F7A2CABB2820}.Release|Any CPU.Build.0 = Release|Any CPU
	EndGlobalSection
	GlobalSection(SolutionProperties) = preSolution
		HideSolutionNode = FALSE
	EndGlobalSection
	GlobalSection(NestedProjects) = preSolution
		{FC514540-406D-43B4-A761-15F7DAC67530} = {61BC2D13-4021-4B4E-8AA5-9F27A2E31AF8}
		{1A98727F-DEEA-4C69-BC3D-DF7E4ABAACC9} = {61BC2D13-4021-4B4E-8AA5-9F27A2E31AF8}
		{831B4AFA-CB5E-4B92-9E54-E1465FFEEC4F} = {61BC2D13-4021-4B4E-8AA5-9F27A2E31AF8}
		{70C85DA4-050D-4DA9-8397-63281B97ED45} = {61BC2D13-4021-4B4E-8AA5-9F27A2E31AF8}
		{C26955CE-9933-4DC7-8478-8AEBBA132255} = {61BC2D13-4021-4B4E-8AA5-9F27A2E31AF8}
		{8AB44BDC-ECD6-4DF7-8F4A-F30E023A678A} = {6CB92C18-7677-4B02-8556-3018DB301441}
		{1E56E990-38A9-4CE4-84AE-446BCA5B3442} = {6CB92C18-7677-4B02-8556-3018DB301441}
		{8E42CCC2-0B28-439C-B14D-F6F67537B56D} = {6CB92C18-7677-4B02-8556-3018DB301441}
		{B3E1E84F-6A69-4DAF-8611-0085FAA65ECD} = {6CB92C18-7677-4B02-8556-3018DB301441}
		{A5073748-E289-4E8C-8178-7DA947FA28EE} = {6CB92C18-7677-4B02-8556-3018DB301441}
		{D24D154C-0093-41D2-8750-2093074BF9E2} = {92B2DC77-9F3E-4792-9070-25DDC270F6C4}
		{14713423-1687-4B3B-9AF0-5AF14615205E} = {92B2DC77-9F3E-4792-9070-25DDC270F6C4}
		{A75AA760-2068-4E12-B9F2-A71BE25F18D2} = {92B2DC77-9F3E-4792-9070-25DDC270F6C4}
		{BF21EE7F-A7EC-416E-AA61-6E11CCE81776} = {92B2DC77-9F3E-4792-9070-25DDC270F6C4}
		{3F49821B-A024-4297-9DBF-A387AE92ECCA} = {A0128D32-DD10-4FEA-BBE4-60116A5F74D5}
		{61235168-0EC5-4781-9829-D514BA9D6D6D} = {A0128D32-DD10-4FEA-BBE4-60116A5F74D5}
		{F2B1E0F3-0A8C-4BDB-9F4F-21363D4B49FA} = {A0128D32-DD10-4FEA-BBE4-60116A5F74D5}
		{E7617F67-1923-43EA-9439-55044B0B7B9E} = {A0128D32-DD10-4FEA-BBE4-60116A5F74D5}
		{AD0155EF-675D-4B5E-A9BE-F7A2CABB2820} = {C58A57AE-2BA3-4783-915F-C64F10A7C9F0}
	EndGlobalSection
	GlobalSection(ExtensibilityGlobals) = postSolution
		SolutionGuid = {287E201A-F44C-4645-B471-B0BCE0CF803F}
	EndGlobalSection
EndGlobal
